{
  "name": "workshop-whatsapp-clone",
  "version": "1.0.0",
  "lockfileVersion": 1,
  "requires": true,
  "dependencies": {
    "docker-compose": {
      "version": "0.23.1",
      "resolved": "https://registry.npmjs.org/docker-compose/-/docker-compose-0.23.1.tgz",
      "integrity": "sha512-9e4moDWxAoEU/WEVJXUnoxXEWDQCX8tQIfuRntApl1atbvz1qV5uoC6YfgYbqUqcIgSD99iZWye7ePrN+ud8AA=="
    }
  }
}
